
Microsoft Visual Studio Solution File, Format Version 12.00
# Visual Studio Version 17
VisualStudioVersion = 17.4.33015.44
MinimumVisualStudioVersion = 10.0.40219.1
Project("{FAE04EC0-301F-11D3-BF4B-00C04F79EFBC}") = "Api", "Api\Api.csproj", "{CAA389FF-F560-4FE1-A825-F8986807A096}"
EndProject
Global
	GlobalSection(SolutionConfigurationPlatforms) = preSolution
		Debug|Any CPU = Debug|Any CPU
		Release|Any CPU = Release|Any CPU
	EndGlobalSection
	GlobalSection(ProjectConfigurationPlatforms) = postSolution
		{CAA389FF-F560-4FE1-A825-F8986807A096}.Debug|Any CPU.ActiveCfg = Debug|Any CPU
		{CAA389FF-F560-4FE1-A825-F8986807A096}.Debug|Any CPU.Build.0 = Debug|Any CPU
		{CAA389FF-F560-4FE1-A825-F8986807A096}.Release|Any CPU.ActiveCfg = Release|Any CPU
		{CAA389FF-F560-4FE1-A825-F8986807A096}.Release|Any CPU.Build.0 = Release|Any CPU
	EndGlobalSection
	GlobalSection(SolutionProperties) = preSolution
		HideSolutionNode = FALSE
	EndGlobalSection
	GlobalSection(ExtensibilityGlobals) = postSolution
		SolutionGuid = {7F8A677A-A446-4787-B406-4AEF657692DD}
	EndGlobalSection
EndGlobal
